
Microsoft Visual Studio Solution File, Format Version 12.00
# Visual Studio Version 16
VisualStudioVersion = 16.0.31129.286
MinimumVisualStudioVersion = 10.0.40219.1
Project("{FAE04EC0-301F-11D3-BF4B-00C04F79EFBC}") = "Array", "Array\Array.csproj", "{A372389D-16F7-4C4F-BF95-00C4107B2BE4}"
EndProject
Global
	GlobalSection(SolutionConfigurationPlatforms) = preSolution
		Debug|Any CPU = Debug|Any CPU
		Release|Any CPU = Release|Any CPU
	EndGlobalSection
	GlobalSection(ProjectConfigurationPlatforms) = postSolution
		{A372389D-16F7-4C4F-BF95-00C4107B2BE4}.Debug|Any CPU.ActiveCfg = Debug|Any CPU
		{A372389D-16F7-4C4F-BF95-00C4107B2BE4}.Debug|Any CPU.Build.0 = Debug|Any CPU
		{A372389D-16F7-4C4F-BF95-00C4107B2BE4}.Release|Any CPU.ActiveCfg = Release|Any CPU
		{A372389D-16F7-4C4F-BF95-00C4107B2BE4}.Release|Any CPU.Build.0 = Release|Any CPU
	EndGlobalSection
	GlobalSection(SolutionProperties) = preSolution
		HideSolutionNode = FALSE
	EndGlobalSection
	GlobalSection(ExtensibilityGlobals) = postSolution
		SolutionGuid = {5BA92714-CB30-4E60-AAB6-965B2B7DBACD}
	EndGlobalSection
EndGlobal
